
Microsoft Visual Studio Solution File, Format Version 12.00
# Visual Studio Version 16
VisualStudioVersion = 16.0.29613.14
MinimumVisualStudioVersion = 10.0.40219.1
Project("{FAE04EC0-301F-11D3-BF4B-00C04F79EFBC}") = "LeonClientApp", "LeonClientApp\LeonClientApp.csproj", "{F748962D-5557-4C2A-A7C4-E5258C18B21A}"
EndProject
Global
	GlobalSection(SolutionConfigurationPlatforms) = preSolution
		Debug|Any CPU = Debug|Any CPU
		Release|Any CPU = Release|Any CPU
	EndGlobalSection
	GlobalSection(ProjectConfigurationPlatforms) = postSolution
		{F748962D-5557-4C2A-A7C4-E5258C18B21A}.Debug|Any CPU.ActiveCfg = Debug|Any CPU
		{F748962D-5557-4C2A-A7C4-E5258C18B21A}.Debug|Any CPU.Build.0 = Debug|Any CPU
		{F748962D-5557-4C2A-A7C4-E5258C18B21A}.Release|Any CPU.ActiveCfg = Release|Any CPU
		{F748962D-5557-4C2A-A7C4-E5258C18B21A}.Release|Any CPU.Build.0 = Release|Any CPU
	EndGlobalSection
	GlobalSection(SolutionProperties) = preSolution
		HideSolutionNode = FALSE
	EndGlobalSection
	GlobalSection(ExtensibilityGlobals) = postSolution
		SolutionGuid = {D70B9526-19E5-4268-94C4-D598396B33D9}
	EndGlobalSection
EndGlobal
